
Microsoft Visual Studio Solution File, Format Version 12.00
# Visual Studio Version 16
VisualStudioVersion = 16.0.30002.166
MinimumVisualStudioVersion = 10.0.40219.1
Project("{FAE04EC0-301F-11D3-BF4B-00C04F79EFBC}") = "EjercicioDeDiseno.Android", "EjercicioDeDiseno\EjercicioDeDiseno.Android\EjercicioDeDiseno.Android.csproj", "{D22A998C-BF77-4FC6-8FE7-4BEB350A4079}"
EndProject
Project("{FAE04EC0-301F-11D3-BF4B-00C04F79EFBC}") = "EjercicioDeDiseno.iOS", "EjercicioDeDiseno\EjercicioDeDiseno.iOS\EjercicioDeDiseno.iOS.csproj", "{8586776F-4053-4ADA-9B3F-DD1BBBDACEFA}"
EndProject
Project("{FAE04EC0-301F-11D3-BF4B-00C04F79EFBC}") = "EjercicioDeDiseno", "EjercicioDeDiseno\EjercicioDeDiseno\EjercicioDeDiseno.csproj", "{E0F9BA36-B9C7-4204-A37D-03B9972E1F04}"
EndProject
Global
	GlobalSection(SolutionConfigurationPlatforms) = preSolution
		Debug|Any CPU = Debug|Any CPU
		Debug|iPhone = Debug|iPhone
		Debug|iPhoneSimulator = Debug|iPhoneSimulator
		Release|Any CPU = Release|Any CPU
		Release|iPhone = Release|iPhone
		Release|iPhoneSimulator = Release|iPhoneSimulator
	EndGlobalSection
	GlobalSection(ProjectConfigurationPlatforms) = postSolution
		{D22A998C-BF77-4FC6-8FE7-4BEB350A4079}.Debug|Any CPU.ActiveCfg = Debug|Any CPU
		{D22A998C-BF77-4FC6-8FE7-4BEB350A4079}.Debug|Any CPU.Build.0 = Debug|Any CPU
		{D22A998C-BF77-4FC6-8FE7-4BEB350A4079}.Debug|Any CPU.Deploy.0 = Debug|Any CPU
		{D22A998C-BF77-4FC6-8FE7-4BEB350A4079}.Debug|iPhone.ActiveCfg = Debug|Any CPU
		{D22A998C-BF77-4FC6-8FE7-4BEB350A4079}.Debug|iPhone.Build.0 = Debug|Any CPU
		{D22A998C-BF77-4FC6-8FE7-4BEB350A4079}.Debug|iPhone.Deploy.0 = Debug|Any CPU
		{D22A998C-BF77-4FC6-8FE7-4BEB350A4079}.Debug|iPhoneSimulator.ActiveCfg = Debug|Any CPU
		{D22A998C-BF77-4FC6-8FE7-4BEB350A4079}.Debug|iPhoneSimulator.Build.0 = Debug|Any CPU
		{D22A998C-BF77-4FC6-8FE7-4BEB350A4079}.Debug|iPhoneSimulator.Deploy.0 = Debug|Any CPU
		{D22A998C-BF77-4FC6-8FE7-4BEB350A4079}.Release|Any CPU.ActiveCfg = Release|Any CPU
		{D22A998C-BF77-4FC6-8FE7-4BEB350A4079}.Release|Any CPU.Build.0 = Release|Any CPU
		{D22A998C-BF77-4FC6-8FE7-4BEB350A4079}.Release|Any CPU.Deploy.0 = Release|Any CPU
		{D22A998C-BF77-4FC6-8FE7-4BEB350A4079}.Release|iPhone.ActiveCfg = Release|Any CPU
		{D22A998C-BF77-4FC6-8FE7-4BEB350A4079}.Release|iPhone.Build.0 = Release|Any CPU
		{D22A998C-BF77-4FC6-8FE7-4BEB350A4079}.Release|iPhone.Deploy.0 = Release|Any CPU
		{D22A998C-BF77-4FC6-8FE7-4BEB350A4079}.Release|iPhoneSimulator.ActiveCfg = Release|Any CPU
		{D22A998C-BF77-4FC6-8FE7-4BEB350A4079}.Release|iPhoneSimulator.Build.0 = Release|Any CPU
		{D22A998C-BF77-4FC6-8FE7-4BEB350A4079}.Release|iPhoneSimulator.Deploy.0 = Release|Any CPU
		{8586776F-4053-4ADA-9B3F-DD1BBBDACEFA}.Debug|Any CPU.ActiveCfg = Debug|iPhone
		{8586776F-4053-4ADA-9B3F-DD1BBBDACEFA}.Debug|Any CPU.Build.0 = Debug|iPhone
		{8586776F-4053-4ADA-9B3F-DD1BBBDACEFA}.Debug|Any CPU.Deploy.0 = Debug|iPhone
		{8586776F-4053-4ADA-9B3F-DD1BBBDACEFA}.Debug|iPhone.ActiveCfg = Debug|iPhone
		{8586776F-4053-4ADA-9B3F-DD1BBBDACEFA}.Debug|iPhone.Build.0 = Debug|iPhone
		{8586776F-4053-4ADA-9B3F-DD1BBBDACEFA}.Debug|iPhone.Deploy.0 = Debug|iPhone
		{8586776F-4053-4ADA-9B3F-DD1BBBDACEFA}.Debug|iPhoneSimulator.ActiveCfg = Debug|iPhoneSimulator
		{8586776F-4053-4ADA-9B3F-DD1BBBDACEFA}.Debug|iPhoneSimulator.Build.0 = Debug|iPhoneSimulator
		{8586776F-4053-4ADA-9B3F-DD1BBBDACEFA}.Debug|iPhoneSimulator.Deploy.0 = Debug|iPhoneSimulator
		{8586776F-4053-4ADA-9B3F-DD1BBBDACEFA}.Release|Any CPU.ActiveCfg = Release|iPhone
		{8586776F-4053-4ADA-9B3F-DD1BBBDACEFA}.Release|Any CPU.Build.0 = Release|iPhone
		{8586776F-4053-4ADA-9B3F-DD1BBBDACEFA}.Release|Any CPU.Deploy.0 = Release|iPhone
		{8586776F-4053-4ADA-9B3F-DD1BBBDACEFA}.Release|iPhone.ActiveCfg = Release|iPhone
		{8586776F-4053-4ADA-9B3F-DD1BBBDACEFA}.Release|iPhone.Build.0 = Release|iPhone
		{8586776F-4053-4ADA-9B3F-DD1BBBDACEFA}.Release|iPhone.Deploy.0 = Release|iPhone
		{8586776F-4053-4ADA-9B3F-DD1BBBDACEFA}.Release|iPhoneSimulator.ActiveCfg = Release|iPhoneSimulator
		{8586776F-4053-4ADA-9B3F-DD1BBBDACEFA}.Release|iPhoneSimulator.Build.0 = Release|iPhoneSimulator
		{8586776F-4053-4ADA-9B3F-DD1BBBDACEFA}.Release|iPhoneSimulator.Deploy.0 = Release|iPhoneSimulator
		{E0F9BA36-B9C7-4204-A37D-03B9972E1F04}.Debug|Any CPU.ActiveCfg = Debug|Any CPU
		{E0F9BA36-B9C7-4204-A37D-03B9972E1F04}.Debug|Any CPU.Build.0 = Debug|Any CPU
		{E0F9BA36-B9C7-4204-A37D-03B9972E1F04}.Debug|Any CPU.Deploy.0 = Debug|Any CPU
		{E0F9BA36-B9C7-4204-A37D-03B9972E1F04}.Debug|iPhone.ActiveCfg = Debug|Any CPU
		{E0F9BA36-B9C7-4204-A37D-03B9972E1F04}.Debug|iPhone.Build.0 = Debug|Any CPU
		{E0F9BA36-B9C7-4204-A37D-03B9972E1F04}.Debug|iPhone.Deploy.0 = Debug|Any CPU
		{E0F9BA36-B9C7-4204-A37D-03B9972E1F04}.Debug|iPhoneSimulator.ActiveCfg = Debug|Any CPU
		{E0F9BA36-B9C7-4204-A37D-03B9972E1F04}.Debug|iPhoneSimulator.Build.0 = Debug|Any CPU
		{E0F9BA36-B9C7-4204-A37D-03B9972E1F04}.Debug|iPhoneSimulator.Deploy.0 = Debug|Any CPU
		{E0F9BA36-B9C7-4204-A37D-03B9972E1F04}.Release|Any CPU.ActiveCfg = Release|Any CPU
		{E0F9BA36-B9C7-4204-A37D-03B9972E1F04}.Release|Any CPU.Build.0 = Release|Any CPU
		{E0F9BA36-B9C7-4204-A37D-03B9972E1F04}.Release|Any CPU.Deploy.0 = Release|Any CPU
		{E0F9BA36-B9C7-4204-A37D-03B9972E1F04}.Release|iPhone.ActiveCfg = Release|Any CPU
		{E0F9BA36-B9C7-4204-A37D-03B9972E1F04}.Release|iPhone.Build.0 = Release|Any CPU
		{E0F9BA36-B9C7-4204-A37D-03B9972E1F04}.Release|iPhone.Deploy.0 = Release|Any CPU
		{E0F9BA36-B9C7-4204-A37D-03B9972E1F04}.Release|iPhoneSimulator.ActiveCfg = Release|Any CPU
		{E0F9BA36-B9C7-4204-A37D-03B9972E1F04}.Release|iPhoneSimulator.Build.0 = Release|Any CPU
		{E0F9BA36-B9C7-4204-A37D-03B9972E1F04}.Release|iPhoneSimulator.Deploy.0 = Release|Any CPU
	EndGlobalSection
	GlobalSection(SolutionProperties) = preSolution
		HideSolutionNode = FALSE
	EndGlobalSection
	GlobalSection(ExtensibilityGlobals) = postSolution
		SolutionGuid = {1116CADB-E57E-42F5-9441-6B8F2EA455F9}
	EndGlobalSection
EndGlobal
